
Microsoft Visual Studio Solution File, Format Version 12.00
# Visual Studio Version 17
VisualStudioVersion = 17.8.34309.116
MinimumVisualStudioVersion = 10.0.40219.1
Project("{FAE04EC0-301F-11D3-BF4B-00C04F79EFBC}") = "EjemploVersiones", "EjemploVersiones.csproj", "{F1A3A857-DCF5-4FD7-A065-DB0E1C6C7441}"
EndProject
Global
	GlobalSection(SolutionConfigurationPlatforms) = preSolution
		Debug|Any CPU = Debug|Any CPU
		Release|Any CPU = Release|Any CPU
	EndGlobalSection
	GlobalSection(ProjectConfigurationPlatforms) = postSolution
		{F1A3A857-DCF5-4FD7-A065-DB0E1C6C7441}.Debug|Any CPU.ActiveCfg = Debug|Any CPU
		{F1A3A857-DCF5-4FD7-A065-DB0E1C6C7441}.Debug|Any CPU.Build.0 = Debug|Any CPU
		{F1A3A857-DCF5-4FD7-A065-DB0E1C6C7441}.Release|Any CPU.ActiveCfg = Release|Any CPU
		{F1A3A857-DCF5-4FD7-A065-DB0E1C6C7441}.Release|Any CPU.Build.0 = Release|Any CPU
	EndGlobalSection
	GlobalSection(SolutionProperties) = preSolution
		HideSolutionNode = FALSE
	EndGlobalSection
	GlobalSection(ExtensibilityGlobals) = postSolution
		SolutionGuid = {CF152BFF-4B9F-461B-B2FF-781446F119D5}
	EndGlobalSection
EndGlobal
